// !$*UTF8*$!
{
	archiveVersion = 1;
	classes = {
	};
	objectVersion = 46;
	objects = {

/* Begin PBXBuildFile section */
		E21201F51B261E14004B3B0B /* AppDelegate.swift in Sources */ = {isa = PBXBuildFile; fileRef = E21201F41B261E14004B3B0B /* AppDelegate.swift */; };
		E21201F71B261E14004B3B0B /* RecordSoundsViewController.swift in Sources */ = {isa = PBXBuildFile; fileRef = E21201F61B261E14004B3B0B /* RecordSoundsViewController.swift */; };
		E21201FA1B261E14004B3B0B /* Main.storyboard in Resources */ = {isa = PBXBuildFile; fileRef = E21201F81B261E14004B3B0B /* Main.storyboard */; };
		E21201FC1B261E14004B3B0B /* Images.xcassets in Resources */ = {isa = PBXBuildFile; fileRef = E21201FB1B261E14004B3B0B /* Images.xcassets */; };
		E21201FF1B261E14004B3B0B /* LaunchScreen.xib in Resources */ = {isa = PBXBuildFile; fileRef = E21201FD1B261E14004B3B0B /* LaunchScreen.xib */; };
		E212020B1B261E14004B3B0B /* Friend_PhraseTests.swift in Sources */ = {isa = PBXBuildFile; fileRef = E212020A1B261E14004B3B0B /* Friend_PhraseTests.swift */; };
		E24A22CA1B2A2E0E00DAB630 /* PlaySoundsViewController.swift in Sources */ = {isa = PBXBuildFile; fileRef = E24A22C91B2A2E0E00DAB630 /* PlaySoundsViewController.swift */; };
		E24A22CC1B2A4E4D00DAB630 /* movie_quote.mp3 in Resources */ = {isa = PBXBuildFile; fileRef = E24A22CB1B2A4E4D00DAB630 /* movie_quote.mp3 */; };
		E2F4C49F1B3388FE00CF21A8 /* RecordedAudio.swift in Sources */ = {isa = PBXBuildFile; fileRef = E2F4C49E1B3388FE00CF21A8 /* RecordedAudio.swift */; };
/* End PBXBuildFile section */

/* Begin PBXContainerItemProxy section */
		E21202051B261E14004B3B0B /* PBXContainerItemProxy */ = {
			isa = PBXContainerItemProxy;
			containerPortal = E21201E71B261E13004B3B0B /* Project object */;
			proxyType = 1;
			remoteGlobalIDString = E21201EE1B261E14004B3B0B;
			remoteInfo = "Friend Phrase";
		};
/* End PBXContainerItemProxy section */

/* Begin PBXFileReference section */
		E21201EF1B261E14004B3B0B /* Friend Phrase.app */ = {isa = PBXFileReference; explicitFileType = wrapper.application; includeInIndex = 0; path = "Friend Phrase.app"; sourceTree = BUILT_PRODUCTS_DIR; };
		E21201F31B261E14004B3B0B /* Info.plist */ = {isa = PBXFileReference; lastKnownFileType = text.plist.xml; path = Info.plist; sourceTree = "<group>"; };
		E21201F41B261E14004B3B0B /* AppDelegate.swift */ = {isa = PBXFileReference; lastKnownFileType = sourcecode.swift; path = AppDelegate.swift; sourceTree = "<group>"; };
		E21201F61B261E14004B3B0B /* RecordSoundsViewController.swift */ = {isa = PBXFileReference; lastKnownFileType = sourcecode.swift; path = RecordSoundsViewController.swift; sourceTree = "<group>"; };
		E21201F91B261E14004B3B0B /* Base */ = {isa = PBXFileReference; lastKnownFileType = file.storyboard; name = Base; path = Base.lproj/Main.storyboard; sourceTree = "<group>"; };
		E21201FB1B261E14004B3B0B /* Images.xcassets */ = {isa = PBXFileReference; lastKnownFileType = folder.assetcatalog; path = Images.xcassets; sourceTree = "<group>"; };
		E21201FE1B261E14004B3B0B /* Base */ = {isa = PBXFileReference; lastKnownFileType = file.xib; name = Base; path = Base.lproj/LaunchScreen.xib; sourceTree = "<group>"; };
		E21202041B261E14004B3B0B /* Friend PhraseTests.xctest */ = {isa = PBXFileReference; explicitFileType = wrapper.cfbundle; includeInIndex = 0; path = "Friend PhraseTests.xctest"; sourceTree = BUILT_PRODUCTS_DIR; };
		E21202091B261E14004B3B0B /* Info.plist */ = {isa = PBXFileReference; lastKnownFileType = text.plist.xml; path = Info.plist; sourceTree = "<group>"; };
		E212020A1B261E14004B3B0B /* Friend_PhraseTests.swift */ = {isa = PBXFileReference; lastKnownFileType = sourcecode.swift; path = Friend_PhraseTests.swift; sourceTree = "<group>"; };
		E24A22C91B2A2E0E00DAB630 /* PlaySoundsViewController.swift */ = {isa = PBXFileReference; fileEncoding = 4; lastKnownFileType = sourcecode.swift; path = PlaySoundsViewController.swift; sourceTree = "<group>"; };
		E24A22CB1B2A4E4D00DAB630 /* movie_quote.mp3 */ = {isa = PBXFileReference; lastKnownFileType = audio.mp3; name = movie_quote.mp3; path = ../../../../Downloads/movie_quote.mp3; sourceTree = "<group>"; };
		E2F4C49E1B3388FE00CF21A8 /* RecordedAudio.swift */ = {isa = PBXFileReference; fileEncoding = 4; lastKnownFileType = sourcecode.swift; path = RecordedAudio.swift; sourceTree = "<group>"; };
/* End PBXFileReference section */

/* Begin PBXFrameworksBuildPhase section */
		E21201EC1B261E14004B3B0B /* Frameworks */ = {
			isa = PBXFrameworksBuildPhase;
			buildActionMask = 2147483647;
			files = (
			);
			runOnlyForDeploymentPostprocessing = 0;
		};
		E21202011B261E14004B3B0B /* Frameworks */ = {
			isa = PBXFrameworksBuildPhase;
			buildActionMask = 2147483647;
			files = (
			);
			runOnlyForDeploymentPostprocessing = 0;
		};
/* End PBXFrameworksBuildPhase section */

/* Begin PBXGroup section */
		E21201E61B261E13004B3B0B = {
			isa = PBXGroup;
			children = (
				E21201F11B261E14004B3B0B /* Friend Phrase */,
				E21202071B261E14004B3B0B /* Friend PhraseTests */,
				E21201F01B261E14004B3B0B /* Products */,
			);
			sourceTree = "<group>";
		};
		E21201F01B261E14004B3B0B /* Products */ = {
			isa = PBXGroup;
			children = (
				E21201EF1B261E14004B3B0B /* Friend Phrase.app */,
				E21202041B261E14004B3B0B /* Friend PhraseTests.xctest */,
			);
			name = Products;
			sourceTree = "<group>";
		};
		E21201F11B261E14004B3B0B /* Friend Phrase */ = {
			isa = PBXGroup;
			children = (
				E24A22C91B2A2E0E00DAB630 /* PlaySoundsViewController.swift */,
				E21201F41B261E14004B3B0B /* AppDelegate.swift */,
				E21201F61B261E14004B3B0B /* RecordSoundsViewController.swift */,
				E2F4C49E1B3388FE00CF21A8 /* RecordedAudio.swift */,
				E21201F81B261E14004B3B0B /* Main.storyboard */,
				E21201FB1B261E14004B3B0B /* Images.xcassets */,
				E21201FD1B261E14004B3B0B /* LaunchScreen.xib */,
				E21201F21B261E14004B3B0B /* Supporting Files */,
			);
			path = "Friend Phrase";
			sourceTree = "<group>";
		};
		E21201F21B261E14004B3B0B /* Supporting Files */ = {
			isa = PBXGroup;
			children = (
				E24A22CB1B2A4E4D00DAB630 /* movie_quote.mp3 */,
				E21201F31B261E14004B3B0B /* Info.plist */,
			);
			name = "Supporting Files";
			sourceTree = "<group>";
		};
		E21202071B261E14004B3B0B /* Friend PhraseTests */ = {
			isa = PBXGroup;
			children = (
				E212020A1B261E14004B3B0B /* Friend_PhraseTests.swift */,
				E21202081B261E14004B3B0B /* Supporting Files */,
			);
			path = "Friend PhraseTests";
			sourceTree = "<group>";
		};
		E21202081B261E14004B3B0B /* Supporting Files */ = {
			isa = PBXGroup;
			children = (
				E21202091B261E14004B3B0B /* Info.plist */,
			);
			name = "Supporting Files";
			sourceTree = "<group>";
		};
/* End PBXGroup section */

/* Begin PBXNativeTarget section */
		E21201EE1B261E14004B3B0B /* Friend Phrase */ = {
			isa = PBXNativeTarget;
			buildConfigurationList = E212020E1B261E14004B3B0B /* Build configuration list for PBXNativeTarget "Friend Phrase" */;
			buildPhases = (
				E21201EB1B261E14004B3B0B /* Sources */,
				E21201EC1B261E14004B3B0B /* Frameworks */,
				E21201ED1B261E14004B3B0B /* Resources */,
			);
			buildRules = (
			);
			dependencies = (
			);
			name = "Friend Phrase";
			productName = "Friend Phrase";
			productReference = E21201EF1B261E14004B3B0B /* Friend Phrase.app */;
			productType = "com.apple.product-type.application";
		};
		E21202031B261E14004B3B0B /* Friend PhraseTests */ = {
			isa = PBXNativeTarget;
			buildConfigurationList = E21202111B261E14004B3B0B /* Build configuration list for PBXNativeTarget "Friend PhraseTests" */;
			buildPhases = (
				E21202001B261E14004B3B0B /* Sources */,
				E21202011B261E14004B3B0B /* Frameworks */,
				E21202021B261E14004B3B0B /* Resources */,
			);
			buildRules = (
			);
			dependencies = (
				E21202061B261E14004B3B0B /* PBXTargetDependency */,
			);
			name = "Friend PhraseTests";
			productName = "Friend PhraseTests";
			productReference = E21202041B261E14004B3B0B /* Friend PhraseTests.xctest */;
			productType = "com.apple.product-type.bundle.unit-test";
		};
/* End PBXNativeTarget section */

/* Begin PBXProject section */
		E21201E71B261E13004B3B0B /* Project object */ = {
			isa = PBXProject;
			attributes = {
				LastUpgradeCheck = 0630;
				ORGANIZATIONNAME = "Thomas White";
				TargetAttributes = {
					E21201EE1B261E14004B3B0B = {
						CreatedOnToolsVersion = 6.3.2;
						DevelopmentTeam = TP2E87B8DL;
					};
					E21202031B261E14004B3B0B = {
						CreatedOnToolsVersion = 6.3.2;
						TestTargetID = E21201EE1B261E14004B3B0B;
					};
				};
			};
			buildConfigurationList = E21201EA1B261E13004B3B0B /* Build configuration list for PBXProject "Friend Phrase" */;
			compatibilityVersion = "Xcode 3.2";
			developmentRegion = English;
			hasScannedForEncodings = 0;
			knownRegions = (
				en,
				Base,
			);
			mainGroup = E21201E61B261E13004B3B0B;
			productRefGroup = E21201F01B261E14004B3B0B /* Products */;
			projectDirPath = "";
			projectRoot = "";
			targets = (
				E21201EE1B261E14004B3B0B /* Friend Phrase */,
				E21202031B261E14004B3B0B /* Friend PhraseTests */,
			);
		};
/* End PBXProject section */

/* Begin PBXResourcesBuildPhase section */
		E21201ED1B261E14004B3B0B /* Resources */ = {
			isa = PBXResourcesBuildPhase;
			buildActionMask = 2147483647;
			files = (
				E21201FA1B261E14004B3B0B /* Main.storyboard in Resources */,
				E21201FF1B261E14004B3B0B /* LaunchScreen.xib in Resources */,
				E24A22CC1B2A4E4D00DAB630 /* movie_quote.mp3 in Resources */,
				E21201FC1B261E14004B3B0B /* Images.xcassets in Resources */,
			);
			runOnlyForDeploymentPostprocessing = 0;
		};
		E21202021B261E14004B3B0B /* Resources */ = {
			isa = PBXResourcesBuildPhase;
			buildActionMask = 2147483647;
			files = (
			);
			runOnlyForDeploymentPostprocessing = 0;
		};
/* End PBXResourcesBuildPhase section */

/* Begin PBXSourcesBuildPhase section */
		E21201EB1B261E14004B3B0B /* Sources */ = {
			isa = PBXSourcesBuildPhase;
			buildActionMask = 2147483647;
			files = (
				E2F4C49F1B3388FE00CF21A8 /* RecordedAudio.swift in Sources */,
				E21201F71B261E14004B3B0B /* RecordSoundsViewController.swift in Sources */,
				E24A22CA1B2A2E0E00DAB630 /* PlaySoundsViewController.swift in Sources */,
				E21201F51B261E14004B3B0B /* AppDelegate.swift in Sources */,
			);
			runOnlyForDeploymentPostprocessing = 0;
		};
		E21202001B261E14004B3B0B /* Sources */ = {
			isa = PBXSourcesBuildPhase;
			buildActionMask = 2147483647;
			files = (
				E212020B1B261E14004B3B0B /* Friend_PhraseTests.swift in Sources */,
			);
			runOnlyForDeploymentPostprocessing = 0;
		};
/* End PBXSourcesBuildPhase section */

/* Begin PBXTargetDependency section */
		E21202061B261E14004B3B0B /* PBXTargetDependency */ = {
			isa = PBXTargetDependency;
			target = E21201EE1B261E14004B3B0B /* Friend Phrase */;
			targetProxy = E21202051B261E14004B3B0B /* PBXContainerItemProxy */;
		};
/* End PBXTargetDependency section */

/* Begin PBXVariantGroup section */
		E21201F81B261E14004B3B0B /* Main.storyboard */ = {
			isa = PBXVariantGroup;
			children = (
				E21201F91B261E14004B3B0B /* Base */,
			);
			name = Main.storyboard;
			sourceTree = "<group>";
		};
		E21201FD1B261E14004B3B0B /* LaunchScreen.xib */ = {
			isa = PBXVariantGroup;
			children = (
				E21201FE1B261E14004B3B0B /* Base */,
			);
			name = LaunchScreen.xib;
			sourceTree = "<group>";
		};
/* End PBXVariantGroup section */

/* Begin XCBuildConfiguration section */
		E212020C1B261E14004B3B0B /* Debug */ = {
			isa = XCBuildConfiguration;
			buildSettings = {
				ALWAYS_SEARCH_USER_PATHS = NO;
				CLANG_CXX_LANGUAGE_STANDARD = "gnu++0x";
				CLANG_CXX_LIBRARY = "libc++";
				CLANG_ENABLE_MODULES = YES;
				CLANG_ENABLE_OBJC_ARC = YES;
				CLANG_WARN_BOOL_CONVERSION = YES;
				CLANG_WARN_CONSTANT_CONVERSION = YES;
				CLANG_WARN_DIRECT_OBJC_ISA_USAGE = YES_ERROR;
				CLANG_WARN_EMPTY_BODY = YES;
				CLANG_WARN_ENUM_CONVERSION = YES;
				CLANG_WARN_INT_CONVERSION = YES;
				CLANG_WARN_OBJC_ROOT_CLASS = YES_ERROR;
				CLANG_WARN_UNREACHABLE_CODE = YES;
				CLANG_WARN__DUPLICATE_METHOD_MATCH = YES;
				"CODE_SIGN_IDENTITY[sdk=iphoneos*]" = "iPhone Developer";
				COPY_PHASE_STRIP = NO;
				DEBUG_INFORMATION_FORMAT = "dwarf-with-dsym";
				ENABLE_STRICT_OBJC_MSGSEND = YES;
				GCC_C_LANGUAGE_STANDARD = gnu99;
				GCC_DYNAMIC_NO_PIC = NO;
				GCC_NO_COMMON_BLOCKS = YES;
				GCC_OPTIMIZATION_LEVEL = 0;
				GCC_PREPROCESSOR_DEFINITIONS = (
					"DEBUG=1",
					"$(inherited)",
				);
				GCC_SYMBOLS_PRIVATE_EXTERN = NO;
				GCC_WARN_64_TO_32_BIT_CONVERSION = YES;
				GCC_WARN_ABOUT_RETURN_TYPE = YES_ERROR;
				GCC_WARN_UNDECLARED_SELECTOR = YES;
				GCC_WARN_UNINITIALIZED_AUTOS = YES_AGGRESSIVE;
				GCC_WARN_UNUSED_FUNCTION = YES;
				GCC_WARN_UNUSED_VARIABLE = YES;
				IPHONEOS_DEPLOYMENT_TARGET = 8.3;
				MTL_ENABLE_DEBUG_INFO = YES;
				ONLY_ACTIVE_ARCH = YES;
				SDKROOT = iphoneos;
				SWIFT_OPTIMIZATION_LEVEL = "-Onone";
			};
			name = Debug;
		};
		E212020D1B261E14004B3B0B /* Release */ = {
			isa = XCBuildConfiguration;
			buildSettings = {
				ALWAYS_SEARCH_USER_PATHS = NO;
				CLANG_CXX_LANGUAGE_STANDARD = "gnu++0x";
				CLANG_CXX_LIBRARY = "libc++";
				CLANG_ENABLE_MODULES = YES;
				CLANG_ENABLE_OBJC_ARC = YES;
				CLANG_WARN_BOOL_CONVERSION = YES;
				CLANG_WARN_CONSTANT_CONVERSION = YES;
				CLANG_WARN_DIRECT_OBJC_ISA_USAGE = YES_ERROR;
				CLANG_WARN_EMPTY_BODY = YES;
				CLANG_WARN_ENUM_CONVERSION = YES;
				CLANG_WARN_INT_CONVERSION = YES;
				CLANG_WARN_OBJC_ROOT_CLASS = YES_ERROR;
				CLANG_WARN_UNREACHABLE_CODE = YES;
				CLANG_WARN__DUPLICATE_METHOD_MATCH = YES;
				"CODE_SIGN_IDENTITY[sdk=iphoneos*]" = "iPhone Developer";
				COPY_PHASE_STRIP = NO;
				DEBUG_INFORMATION_FORMAT = "dwarf-with-dsym";
				ENABLE_NS_ASSERTIONS = NO;
				ENABLE_STRICT_OBJC_MSGSEND = YES;
				GCC_C_LANGUAGE_STANDARD = gnu99;
				GCC_NO_COMMON_BLOCKS = YES;
				GCC_WARN_64_TO_32_BIT_CONVERSION = YES;
				GCC_WARN_ABOUT_RETURN_TYPE = YES_ERROR;
				GCC_WARN_UNDECLARED_SELECTOR = YES;
				GCC_WARN_UNINITIALIZED_AUTOS = YES_AGGRESSIVE;
				GCC_WARN_UNUSED_FUNCTION = YES;
				GCC_WARN_UNUSED_VARIABLE = YES;
				IPHONEOS_DEPLOYMENT_TARGET = 8.3;
				MTL_ENABLE_DEBUG_INFO = NO;
				SDKROOT = iphoneos;
				VALIDATE_PRODUCT = YES;
			};
			name = Release;
		};
		E212020F1B261E14004B3B0B /* Debug */ = {
			isa = XCBuildConfiguration;
			buildSettings = {
				ASSETCATALOG_COMPILER_APPICON_NAME = AppIcon;
				CODE_SIGN_IDENTITY = "iPhone Developer";
				"CODE_SIGN_IDENTITY[sdk=iphoneos*]" = "iPhone Developer";
				INFOPLIST_FILE = "Friend Phrase/Info.plist";
				IPHONEOS_DEPLOYMENT_TARGET = 8.0;
				LD_RUNPATH_SEARCH_PATHS = "$(inherited) @executable_path/Frameworks";
				PRODUCT_NAME = "$(TARGET_NAME)";
				PROVISIONING_PROFILE = "";
			};
			name = Debug;
		};
		E21202101B261E14004B3B0B /* Release */ = {
			isa = XCBuildConfiguration;
			buildSettings = {
				ASSETCATALOG_COMPILER_APPICON_NAME = AppIcon;
				CODE_SIGN_IDENTITY = "iPhone Developer";
				"CODE_SIGN_IDENTITY[sdk=iphoneos*]" = "iPhone Developer";
				INFOPLIST_FILE = "Friend Phrase/Info.plist";
				IPHONEOS_DEPLOYMENT_TARGET = 8.0;
				LD_RUNPATH_SEARCH_PATHS = "$(inherited) @executable_path/Frameworks";
				PRODUCT_NAME = "$(TARGET_NAME)";
				PROVISIONING_PROFILE = "";
			};
			name = Release;
		};
		E21202121B261E14004B3B0B /* Debug */ = {
			isa = XCBuildConfiguration;
			buildSettings = {
				BUNDLE_LOADER = "$(TEST_HOST)";
				FRAMEWORK_SEARCH_PATHS = (
					"$(SDKROOT)/Developer/Library/Frameworks",
					"$(inherited)",
				);
				GCC_PREPROCESSOR_DEFINITIONS = (
					"DEBUG=1",
					"$(inherited)",
				);
				INFOPLIST_FILE = "Friend PhraseTests/Info.plist";
				LD_RUNPATH_SEARCH_PATHS = "$(inherited) @executable_path/Frameworks @loader_path/Frameworks";
				PRODUCT_NAME = "$(TARGET_NAME)";
				TEST_HOST = "$(BUILT_PRODUCTS_DIR)/Friend Phrase.app/Friend Phrase";
			};
			name = Debug;
		};
		E21202131B261E14004B3B0B /* Release */ = {
			isa = XCBuildConfiguration;
			buildSettings = {
				BUNDLE_LOADER = "$(TEST_HOST)";
				FRAMEWORK_SEARCH_PATHS = (
					"$(SDKROOT)/Developer/Library/Frameworks",
					"$(inherited)",
				);
				INFOPLIST_FILE = "Friend PhraseTests/Info.plist";
				LD_RUNPATH_SEARCH_PATHS = "$(inherited) @executable_path/Frameworks @loader_path/Frameworks";
				PRODUCT_NAME = "$(TARGET_NAME)";
				TEST_HOST = "$(BUILT_PRODUCTS_DIR)/Friend Phrase.app/Friend Phrase";
			};
			name = Release;
		};
/* End XCBuildConfiguration section */

/* Begin XCConfigurationList section */
		E21201EA1B261E13004B3B0B /* Build configuration list for PBXProject "Friend Phrase" */ = {
			isa = XCConfigurationList;
			buildConfigurations = (
				E212020C1B261E14004B3B0B /* Debug */,
				E212020D1B261E14004B3B0B /* Release */,
			);
			defaultConfigurationIsVisible = 0;
			defaultConfigurationName = Release;
		};
		E212020E1B261E14004B3B0B /* Build configuration list for PBXNativeTarget "Friend Phrase" */ = {
			isa = XCConfigurationList;
			buildConfigurations = (
				E212020F1B261E14004B3B0B /* Debug */,
				E21202101B261E14004B3B0B /* Release */,
			);
			defaultConfigurationIsVisible = 0;
			defaultConfigurationName = Release;
		};
		E21202111B261E14004B3B0B /* Build configuration list for PBXNativeTarget "Friend PhraseTests" */ = {
			isa = XCConfigurationList;
			buildConfigurations = (
				E21202121B261E14004B3B0B /* Debug */,
				E21202131B261E14004B3B0B /* Release */,
			);
			defaultConfigurationIsVisible = 0;
			defaultConfigurationName = Release;
		};
/* End XCConfigurationList section */
	};
	rootObject = E21201E71B261E13004B3B0B /* Project object */;
}
